
Microsoft Visual Studio Solution File, Format Version 12.00
# Visual Studio Version 17
VisualStudioVersion = 17.0.31903.59
MinimumVisualStudioVersion = 10.0.40219.1
Project("{FAE04EC0-301F-11D3-BF4B-00C04F79EFBC}") = "Drawie.Backend.Skia", "Drawie.Backend.Skia\Drawie.Backend.Skia.csproj", "{F549B8B4-B40C-4E79-B9D9-272FF9C648F0}"
EndProject
Project("{FAE04EC0-301F-11D3-BF4B-00C04F79EFBC}") = "Drawie.Backend.Core", "Drawie.Backend.Core\Drawie.Backend.Core.csproj", "{860067DF-D78D-4459-BD5F-96AEC70C281B}"
EndProject
Project("{FAE04EC0-301F-11D3-BF4B-00C04F79EFBC}") = "DrawieSample.Desktop", "DrawieSample.Desktop\DrawieSample.Desktop.csproj", "{645AF54D-D58F-492E-A2A9-12F86EA8C00A}"
EndProject
Project("{FAE04EC0-301F-11D3-BF4B-00C04F79EFBC}") = "Drawie.Numerics", "Drawie.Numerics\Drawie.Numerics.csproj", "{2C84A8E2-9DAF-43CF-AFCB-030922AEA412}"
EndProject
Project("{FAE04EC0-301F-11D3-BF4B-00C04F79EFBC}") = "DrawiEngine", "DrawiEngine\DrawiEngine.csproj", "{C91E2EF2-BF05-49E6-91A0-53B847B38FC0}"
EndProject
Project("{FAE04EC0-301F-11D3-BF4B-00C04F79EFBC}") = "Drawie.Windowing", "Drawie.Windowing\Drawie.Windowing.csproj", "{503FADEB-B803-4B27-BE37-DDAA37C5CDA9}"
EndProject
Project("{FAE04EC0-301F-11D3-BF4B-00C04F79EFBC}") = "Drawie.Windowing.Glfw", "Drawie.Windowing.Glfw\Drawie.Windowing.Glfw.csproj", "{D4927AD1-8A67-4358-B867-EA19771D47C8}"
EndProject
Project("{FAE04EC0-301F-11D3-BF4B-00C04F79EFBC}") = "Drawie.RenderApi", "Drawie.RenderApi\Drawie.RenderApi.csproj", "{D6C22861-1F82-4032-8108-06744D3DB33D}"
EndProject
Project("{FAE04EC0-301F-11D3-BF4B-00C04F79EFBC}") = "Drawie.RenderApi.Vulkan", "Drawie.RenderApi.Vulkan\Drawie.RenderApi.Vulkan.csproj", "{C66A9ACB-904D-42B4-8FFE-6ED36E855A11}"
EndProject
Project("{FAE04EC0-301F-11D3-BF4B-00C04F79EFBC}") = "DrawieSample.Browser", "DrawieSample.Browser\DrawieSample.Browser.csproj", "{16A45076-AAE6-497E-BBA6-E8CA974E19CD}"
EndProject
Project("{2150E333-8FDC-42A3-9474-1A3956D46DE8}") = "_Samples", "_Samples", "{239DB1B4-E66F-444A-87DA-B19775F40974}"
EndProject
Project("{FAE04EC0-301F-11D3-BF4B-00C04F79EFBC}") = "Drawie.Windowing.Browser", "Drawie.Windowing.Browser\Drawie.Windowing.Browser.csproj", "{14896E27-47BA-48E9-81D1-612582C8FF5B}"
EndProject
Project("{2150E333-8FDC-42A3-9474-1A3956D46DE8}") = "RenderApis", "RenderApis", "{9A805C39-3EC4-478F-B7F2-5D54F9F35CB8}"
EndProject
Project("{2150E333-8FDC-42A3-9474-1A3956D46DE8}") = "Backends", "Backends", "{BE35DF1E-91E8-4F16-841D-70EDDE31CC9F}"
EndProject
Project("{2150E333-8FDC-42A3-9474-1A3956D46DE8}") = "Windowing", "Windowing", "{823F63C1-3DD7-4DE7-A41E-B4E0159FBCB4}"
EndProject
Project("{FAE04EC0-301F-11D3-BF4B-00C04F79EFBC}") = "Drawie.JSInterop", "Drawie.JSInterop\Drawie.JSInterop.csproj", "{6B57DDAF-FE9A-496C-B290-D019004B6B11}"
EndProject
Project("{FAE04EC0-301F-11D3-BF4B-00C04F79EFBC}") = "DrawieSample", "DrawieSample\DrawieSample.csproj", "{6E2E0A40-4156-43C2-B0BD-2100FE4B0E4A}"
EndProject
Project("{FAE04EC0-301F-11D3-BF4B-00C04F79EFBC}") = "DrawiEngine.Browser", "DrawiEngine.Browser\DrawiEngine.Browser.csproj", "{6E4896DE-D6A3-433F-B350-2B35D0320F53}"
EndProject
Project("{FAE04EC0-301F-11D3-BF4B-00C04F79EFBC}") = "DrawiEngine.Desktop", "DrawiEngine.Desktop\DrawiEngine.Desktop.csproj", "{88620A08-0FC3-4A60-835C-2FB516141375}"
EndProject
Project("{FAE04EC0-301F-11D3-BF4B-00C04F79EFBC}") = "Drawie.AvaloniaInterop", "Drawie.AvaloniaInterop\Drawie.AvaloniaInterop.csproj", "{0CF0D692-9EEC-43C2-9064-E59609A134E6}"
EndProject
Project("{2150E333-8FDC-42A3-9474-1A3956D46DE8}") = "Interops", "Interops", "{844D01F5-5C74-4635-9DBB-12303702D4A6}"
EndProject
Project("{FAE04EC0-301F-11D3-BF4B-00C04F79EFBC}") = "Drawie.Interop.Avalonia.Vulkan", "Drawie.Interop.Avalonia.Vulkan\Drawie.Interop.Avalonia.Vulkan.csproj", "{43F3D61C-5FA8-4F24-ABDC-186E287EC882}"
EndProject
Project("{FAE04EC0-301F-11D3-BF4B-00C04F79EFBC}") = "Drawie.RenderApi.WebGl", "Drawie.RenderApi.WebGl\Drawie.RenderApi.WebGl.csproj", "{B5E4E80D-C248-4565-90F9-B3ECDF450EC6}"
EndProject
Project("{FAE04EC0-301F-11D3-BF4B-00C04F79EFBC}") = "Drawie.RenderApi.Web.Common", "Drawie.RenderApi.Web.Common\Drawie.RenderApi.Web.Common.csproj", "{9ADAF199-8AEA-4831-B8D3-8FC33A2F4F04}"
EndProject
Project("{FAE04EC0-301F-11D3-BF4B-00C04F79EFBC}") = "Drawie.RenderApi.OpenGl", "Drawie.RenderApi.OpenGL\Drawie.RenderApi.OpenGl.csproj", "{0AD65A3C-895C-4358-AD3F-B2FC1CED531E}"
EndProject
Project("{FAE04EC0-301F-11D3-BF4B-00C04F79EFBC}") = "Drawie.Interop.Avalonia.Core", "Drawie.Interop.Avalonia.Core\Drawie.Interop.Avalonia.Core.csproj", "{D10009DC-D4F1-4A50-A36D-BF38ABBCC148}"
EndProject
Project("{FAE04EC0-301F-11D3-BF4B-00C04F79EFBC}") = "Drawie.Interop.Avalonia", "Drawie.Interop.Avalonia\Drawie.Interop.Avalonia.csproj", "{88F7130B-C1B0-4383-8503-CB7A3960C6A4}"
EndProject
Project("{FAE04EC0-301F-11D3-BF4B-00C04F79EFBC}") = "Drawie.Interop.Avalonia.OpenGl", "Drawie.Interop.Avalonia.OpenGl\Drawie.Interop.Avalonia.OpenGl.csproj", "{EF944C77-D86B-4D6B-B88E-FE06131C70D7}"
EndProject
Project("{FAE04EC0-301F-11D3-BF4B-00C04F79EFBC}") = "Drawie.Tests", "Drawie.Tests\Drawie.Tests.csproj", "{5222843B-3E7F-4AF9-9394-4BDBC2D2ABD6}"
EndProject
Global
	GlobalSection(SolutionConfigurationPlatforms) = preSolution
		Debug|Any CPU = Debug|Any CPU
		Release|Any CPU = Release|Any CPU
	EndGlobalSection
	GlobalSection(SolutionProperties) = preSolution
		HideSolutionNode = FALSE
	EndGlobalSection
	GlobalSection(ProjectConfigurationPlatforms) = postSolution
		{F549B8B4-B40C-4E79-B9D9-272FF9C648F0}.Debug|Any CPU.ActiveCfg = Debug|Any CPU
		{F549B8B4-B40C-4E79-B9D9-272FF9C648F0}.Debug|Any CPU.Build.0 = Debug|Any CPU
		{F549B8B4-B40C-4E79-B9D9-272FF9C648F0}.Release|Any CPU.ActiveCfg = Release|Any CPU
		{F549B8B4-B40C-4E79-B9D9-272FF9C648F0}.Release|Any CPU.Build.0 = Release|Any CPU
		{860067DF-D78D-4459-BD5F-96AEC70C281B}.Debug|Any CPU.ActiveCfg = Debug|Any CPU
		{860067DF-D78D-4459-BD5F-96AEC70C281B}.Debug|Any CPU.Build.0 = Debug|Any CPU
		{860067DF-D78D-4459-BD5F-96AEC70C281B}.Release|Any CPU.ActiveCfg = Release|Any CPU
		{860067DF-D78D-4459-BD5F-96AEC70C281B}.Release|Any CPU.Build.0 = Release|Any CPU
		{645AF54D-D58F-492E-A2A9-12F86EA8C00A}.Debug|Any CPU.ActiveCfg = Debug|Any CPU
		{645AF54D-D58F-492E-A2A9-12F86EA8C00A}.Debug|Any CPU.Build.0 = Debug|Any CPU
		{645AF54D-D58F-492E-A2A9-12F86EA8C00A}.Release|Any CPU.ActiveCfg = Release|Any CPU
		{645AF54D-D58F-492E-A2A9-12F86EA8C00A}.Release|Any CPU.Build.0 = Release|Any CPU
		{2C84A8E2-9DAF-43CF-AFCB-030922AEA412}.Debug|Any CPU.ActiveCfg = Debug|Any CPU
		{2C84A8E2-9DAF-43CF-AFCB-030922AEA412}.Debug|Any CPU.Build.0 = Debug|Any CPU
		{2C84A8E2-9DAF-43CF-AFCB-030922AEA412}.Release|Any CPU.ActiveCfg = Release|Any CPU
		{2C84A8E2-9DAF-43CF-AFCB-030922AEA412}.Release|Any CPU.Build.0 = Release|Any CPU
		{C91E2EF2-BF05-49E6-91A0-53B847B38FC0}.Debug|Any CPU.ActiveCfg = Debug|Any CPU
		{C91E2EF2-BF05-49E6-91A0-53B847B38FC0}.Debug|Any CPU.Build.0 = Debug|Any CPU
		{C91E2EF2-BF05-49E6-91A0-53B847B38FC0}.Release|Any CPU.ActiveCfg = Release|Any CPU
		{C91E2EF2-BF05-49E6-91A0-53B847B38FC0}.Release|Any CPU.Build.0 = Release|Any CPU
		{503FADEB-B803-4B27-BE37-DDAA37C5CDA9}.Debug|Any CPU.ActiveCfg = Debug|Any CPU
		{503FADEB-B803-4B27-BE37-DDAA37C5CDA9}.Debug|Any CPU.Build.0 = Debug|Any CPU
		{503FADEB-B803-4B27-BE37-DDAA37C5CDA9}.Release|Any CPU.ActiveCfg = Release|Any CPU
		{503FADEB-B803-4B27-BE37-DDAA37C5CDA9}.Release|Any CPU.Build.0 = Release|Any CPU
		{D4927AD1-8A67-4358-B867-EA19771D47C8}.Debug|Any CPU.ActiveCfg = Debug|Any CPU
		{D4927AD1-8A67-4358-B867-EA19771D47C8}.Debug|Any CPU.Build.0 = Debug|Any CPU
		{D4927AD1-8A67-4358-B867-EA19771D47C8}.Release|Any CPU.ActiveCfg = Release|Any CPU
		{D4927AD1-8A67-4358-B867-EA19771D47C8}.Release|Any CPU.Build.0 = Release|Any CPU
		{D6C22861-1F82-4032-8108-06744D3DB33D}.Debug|Any CPU.ActiveCfg = Debug|Any CPU
		{D6C22861-1F82-4032-8108-06744D3DB33D}.Debug|Any CPU.Build.0 = Debug|Any CPU
		{D6C22861-1F82-4032-8108-06744D3DB33D}.Release|Any CPU.ActiveCfg = Release|Any CPU
		{D6C22861-1F82-4032-8108-06744D3DB33D}.Release|Any CPU.Build.0 = Release|Any CPU
		{C66A9ACB-904D-42B4-8FFE-6ED36E855A11}.Debug|Any CPU.ActiveCfg = Debug|Any CPU
		{C66A9ACB-904D-42B4-8FFE-6ED36E855A11}.Debug|Any CPU.Build.0 = Debug|Any CPU
		{C66A9ACB-904D-42B4-8FFE-6ED36E855A11}.Release|Any CPU.ActiveCfg = Release|Any CPU
		{C66A9ACB-904D-42B4-8FFE-6ED36E855A11}.Release|Any CPU.Build.0 = Release|Any CPU
		{16A45076-AAE6-497E-BBA6-E8CA974E19CD}.Debug|Any CPU.ActiveCfg = Debug|Any CPU
		{16A45076-AAE6-497E-BBA6-E8CA974E19CD}.Debug|Any CPU.Build.0 = Debug|Any CPU
		{16A45076-AAE6-497E-BBA6-E8CA974E19CD}.Release|Any CPU.ActiveCfg = Release|Any CPU
		{16A45076-AAE6-497E-BBA6-E8CA974E19CD}.Release|Any CPU.Build.0 = Release|Any CPU
		{14896E27-47BA-48E9-81D1-612582C8FF5B}.Debug|Any CPU.ActiveCfg = Debug|Any CPU
		{14896E27-47BA-48E9-81D1-612582C8FF5B}.Debug|Any CPU.Build.0 = Debug|Any CPU
		{14896E27-47BA-48E9-81D1-612582C8FF5B}.Release|Any CPU.ActiveCfg = Release|Any CPU
		{14896E27-47BA-48E9-81D1-612582C8FF5B}.Release|Any CPU.Build.0 = Release|Any CPU
		{6B57DDAF-FE9A-496C-B290-D019004B6B11}.Debug|Any CPU.ActiveCfg = Debug|Any CPU
		{6B57DDAF-FE9A-496C-B290-D019004B6B11}.Debug|Any CPU.Build.0 = Debug|Any CPU
		{6B57DDAF-FE9A-496C-B290-D019004B6B11}.Release|Any CPU.ActiveCfg = Release|Any CPU
		{6B57DDAF-FE9A-496C-B290-D019004B6B11}.Release|Any CPU.Build.0 = Release|Any CPU
		{6E2E0A40-4156-43C2-B0BD-2100FE4B0E4A}.Debug|Any CPU.ActiveCfg = Debug|Any CPU
		{6E2E0A40-4156-43C2-B0BD-2100FE4B0E4A}.Debug|Any CPU.Build.0 = Debug|Any CPU
		{6E2E0A40-4156-43C2-B0BD-2100FE4B0E4A}.Release|Any CPU.ActiveCfg = Release|Any CPU
		{6E2E0A40-4156-43C2-B0BD-2100FE4B0E4A}.Release|Any CPU.Build.0 = Release|Any CPU
		{6E4896DE-D6A3-433F-B350-2B35D0320F53}.Debug|Any CPU.ActiveCfg = Debug|Any CPU
		{6E4896DE-D6A3-433F-B350-2B35D0320F53}.Debug|Any CPU.Build.0 = Debug|Any CPU
		{6E4896DE-D6A3-433F-B350-2B35D0320F53}.Release|Any CPU.ActiveCfg = Release|Any CPU
		{6E4896DE-D6A3-433F-B350-2B35D0320F53}.Release|Any CPU.Build.0 = Release|Any CPU
		{88620A08-0FC3-4A60-835C-2FB516141375}.Debug|Any CPU.ActiveCfg = Debug|Any CPU
		{88620A08-0FC3-4A60-835C-2FB516141375}.Debug|Any CPU.Build.0 = Debug|Any CPU
		{88620A08-0FC3-4A60-835C-2FB516141375}.Release|Any CPU.ActiveCfg = Release|Any CPU
		{88620A08-0FC3-4A60-835C-2FB516141375}.Release|Any CPU.Build.0 = Release|Any CPU
		{0CF0D692-9EEC-43C2-9064-E59609A134E6}.Debug|Any CPU.ActiveCfg = Debug|Any CPU
		{0CF0D692-9EEC-43C2-9064-E59609A134E6}.Debug|Any CPU.Build.0 = Debug|Any CPU
		{0CF0D692-9EEC-43C2-9064-E59609A134E6}.Release|Any CPU.ActiveCfg = Release|Any CPU
		{0CF0D692-9EEC-43C2-9064-E59609A134E6}.Release|Any CPU.Build.0 = Release|Any CPU
		{43F3D61C-5FA8-4F24-ABDC-186E287EC882}.Debug|Any CPU.ActiveCfg = Debug|Any CPU
		{43F3D61C-5FA8-4F24-ABDC-186E287EC882}.Debug|Any CPU.Build.0 = Debug|Any CPU
		{43F3D61C-5FA8-4F24-ABDC-186E287EC882}.Release|Any CPU.ActiveCfg = Release|Any CPU
		{43F3D61C-5FA8-4F24-ABDC-186E287EC882}.Release|Any CPU.Build.0 = Release|Any CPU
		{B5E4E80D-C248-4565-90F9-B3ECDF450EC6}.Debug|Any CPU.ActiveCfg = Debug|Any CPU
		{B5E4E80D-C248-4565-90F9-B3ECDF450EC6}.Debug|Any CPU.Build.0 = Debug|Any CPU
		{B5E4E80D-C248-4565-90F9-B3ECDF450EC6}.Release|Any CPU.ActiveCfg = Release|Any CPU
		{B5E4E80D-C248-4565-90F9-B3ECDF450EC6}.Release|Any CPU.Build.0 = Release|Any CPU
		{9ADAF199-8AEA-4831-B8D3-8FC33A2F4F04}.Debug|Any CPU.ActiveCfg = Debug|Any CPU
		{9ADAF199-8AEA-4831-B8D3-8FC33A2F4F04}.Debug|Any CPU.Build.0 = Debug|Any CPU
		{9ADAF199-8AEA-4831-B8D3-8FC33A2F4F04}.Release|Any CPU.ActiveCfg = Release|Any CPU
		{9ADAF199-8AEA-4831-B8D3-8FC33A2F4F04}.Release|Any CPU.Build.0 = Release|Any CPU
		{0AD65A3C-895C-4358-AD3F-B2FC1CED531E}.Debug|Any CPU.ActiveCfg = Debug|Any CPU
		{0AD65A3C-895C-4358-AD3F-B2FC1CED531E}.Debug|Any CPU.Build.0 = Debug|Any CPU
		{0AD65A3C-895C-4358-AD3F-B2FC1CED531E}.Release|Any CPU.ActiveCfg = Release|Any CPU
		{0AD65A3C-895C-4358-AD3F-B2FC1CED531E}.Release|Any CPU.Build.0 = Release|Any CPU
		{D10009DC-D4F1-4A50-A36D-BF38ABBCC148}.Debug|Any CPU.ActiveCfg = Debug|Any CPU
		{D10009DC-D4F1-4A50-A36D-BF38ABBCC148}.Debug|Any CPU.Build.0 = Debug|Any CPU
		{D10009DC-D4F1-4A50-A36D-BF38ABBCC148}.Release|Any CPU.ActiveCfg = Release|Any CPU
		{D10009DC-D4F1-4A50-A36D-BF38ABBCC148}.Release|Any CPU.Build.0 = Release|Any CPU
		{88F7130B-C1B0-4383-8503-CB7A3960C6A4}.Debug|Any CPU.ActiveCfg = Debug|Any CPU
		{88F7130B-C1B0-4383-8503-CB7A3960C6A4}.Debug|Any CPU.Build.0 = Debug|Any CPU
		{88F7130B-C1B0-4383-8503-CB7A3960C6A4}.Release|Any CPU.ActiveCfg = Release|Any CPU
		{88F7130B-C1B0-4383-8503-CB7A3960C6A4}.Release|Any CPU.Build.0 = Release|Any CPU
		{EF944C77-D86B-4D6B-B88E-FE06131C70D7}.Debug|Any CPU.ActiveCfg = Debug|Any CPU
		{EF944C77-D86B-4D6B-B88E-FE06131C70D7}.Debug|Any CPU.Build.0 = Debug|Any CPU
		{EF944C77-D86B-4D6B-B88E-FE06131C70D7}.Release|Any CPU.ActiveCfg = Release|Any CPU
		{EF944C77-D86B-4D6B-B88E-FE06131C70D7}.Release|Any CPU.Build.0 = Release|Any CPU
		{5222843B-3E7F-4AF9-9394-4BDBC2D2ABD6}.Debug|Any CPU.ActiveCfg = Debug|Any CPU
		{5222843B-3E7F-4AF9-9394-4BDBC2D2ABD6}.Debug|Any CPU.Build.0 = Debug|Any CPU
		{5222843B-3E7F-4AF9-9394-4BDBC2D2ABD6}.Release|Any CPU.ActiveCfg = Release|Any CPU
		{5222843B-3E7F-4AF9-9394-4BDBC2D2ABD6}.Release|Any CPU.Build.0 = Release|Any CPU
	EndGlobalSection
	GlobalSection(NestedProjects) = preSolution
		{645AF54D-D58F-492E-A2A9-12F86EA8C00A} = {239DB1B4-E66F-444A-87DA-B19775F40974}
		{16A45076-AAE6-497E-BBA6-E8CA974E19CD} = {239DB1B4-E66F-444A-87DA-B19775F40974}
		{D6C22861-1F82-4032-8108-06744D3DB33D} = {9A805C39-3EC4-478F-B7F2-5D54F9F35CB8}
		{C66A9ACB-904D-42B4-8FFE-6ED36E855A11} = {9A805C39-3EC4-478F-B7F2-5D54F9F35CB8}
		{860067DF-D78D-4459-BD5F-96AEC70C281B} = {BE35DF1E-91E8-4F16-841D-70EDDE31CC9F}
		{F549B8B4-B40C-4E79-B9D9-272FF9C648F0} = {BE35DF1E-91E8-4F16-841D-70EDDE31CC9F}
		{503FADEB-B803-4B27-BE37-DDAA37C5CDA9} = {823F63C1-3DD7-4DE7-A41E-B4E0159FBCB4}
		{14896E27-47BA-48E9-81D1-612582C8FF5B} = {823F63C1-3DD7-4DE7-A41E-B4E0159FBCB4}
		{D4927AD1-8A67-4358-B867-EA19771D47C8} = {823F63C1-3DD7-4DE7-A41E-B4E0159FBCB4}
		{6E2E0A40-4156-43C2-B0BD-2100FE4B0E4A} = {239DB1B4-E66F-444A-87DA-B19775F40974}
		{0CF0D692-9EEC-43C2-9064-E59609A134E6} = {239DB1B4-E66F-444A-87DA-B19775F40974}
		{43F3D61C-5FA8-4F24-ABDC-186E287EC882} = {844D01F5-5C74-4635-9DBB-12303702D4A6}
		{B5E4E80D-C248-4565-90F9-B3ECDF450EC6} = {9A805C39-3EC4-478F-B7F2-5D54F9F35CB8}
		{9ADAF199-8AEA-4831-B8D3-8FC33A2F4F04} = {9A805C39-3EC4-478F-B7F2-5D54F9F35CB8}
		{0AD65A3C-895C-4358-AD3F-B2FC1CED531E} = {9A805C39-3EC4-478F-B7F2-5D54F9F35CB8}
		{D10009DC-D4F1-4A50-A36D-BF38ABBCC148} = {844D01F5-5C74-4635-9DBB-12303702D4A6}
		{88F7130B-C1B0-4383-8503-CB7A3960C6A4} = {844D01F5-5C74-4635-9DBB-12303702D4A6}
		{EF944C77-D86B-4D6B-B88E-FE06131C70D7} = {844D01F5-5C74-4635-9DBB-12303702D4A6}
	EndGlobalSection
EndGlobal
